
Microsoft Visual Studio Solution File, Format Version 12.00
# Visual Studio Version 17
VisualStudioVersion = 17.14.36301.6
MinimumVisualStudioVersion = 10.0.40219.1
Project("{FAE04EC0-301F-11D3-BF4B-00C04F79EFBC}") = "DemoProject.API", "DemoProject.API.csproj", "{702D8121-6733-459C-AC6A-21D1936E9240}"
EndProject
Project("{FAE04EC0-301F-11D3-BF4B-00C04F79EFBC}") = "DemoProject.Application", "..\DemoProject.Application\DemoProject.Application.csproj", "{FD3B2ED7-D94F-4956-96DA-C2E55EDD54F9}"
EndProject
Global
	GlobalSection(SolutionConfigurationPlatforms) = preSolution
		Debug|Any CPU = Debug|Any CPU
		Release|Any CPU = Release|Any CPU
	EndGlobalSection
	GlobalSection(ProjectConfigurationPlatforms) = postSolution
		{702D8121-6733-459C-AC6A-21D1936E9240}.Debug|Any CPU.ActiveCfg = Debug|Any CPU
		{702D8121-6733-459C-AC6A-21D1936E9240}.Debug|Any CPU.Build.0 = Debug|Any CPU
		{702D8121-6733-459C-AC6A-21D1936E9240}.Release|Any CPU.ActiveCfg = Release|Any CPU
		{702D8121-6733-459C-AC6A-21D1936E9240}.Release|Any CPU.Build.0 = Release|Any CPU
		{FD3B2ED7-D94F-4956-96DA-C2E55EDD54F9}.Debug|Any CPU.ActiveCfg = Debug|Any CPU
		{FD3B2ED7-D94F-4956-96DA-C2E55EDD54F9}.Debug|Any CPU.Build.0 = Debug|Any CPU
		{FD3B2ED7-D94F-4956-96DA-C2E55EDD54F9}.Release|Any CPU.ActiveCfg = Release|Any CPU
		{FD3B2ED7-D94F-4956-96DA-C2E55EDD54F9}.Release|Any CPU.Build.0 = Release|Any CPU
	EndGlobalSection
	GlobalSection(SolutionProperties) = preSolution
		HideSolutionNode = FALSE
	EndGlobalSection
	GlobalSection(ExtensibilityGlobals) = postSolution
		SolutionGuid = {3427243E-1632-422D-A2C7-34A76B3254CA}
	EndGlobalSection
EndGlobal
